
Microsoft Visual Studio Solution File, Format Version 12.00
# Visual Studio Version 17
VisualStudioVersion = 17.11.35303.130
MinimumVisualStudioVersion = 10.0.40219.1
Project("{FAE04EC0-301F-11D3-BF4B-00C04F79EFBC}") = "CommandMiddleware", "CommandMiddleware.csproj", "{1640CC49-B782-4BC5-8D79-E90B69FBCEEB}"
EndProject
Global
	GlobalSection(SolutionConfigurationPlatforms) = preSolution
		Debug|Any CPU = Debug|Any CPU
		Release|Any CPU = Release|Any CPU
	EndGlobalSection
	GlobalSection(ProjectConfigurationPlatforms) = postSolution
		{1640CC49-B782-4BC5-8D79-E90B69FBCEEB}.Debug|Any CPU.ActiveCfg = Debug|Any CPU
		{1640CC49-B782-4BC5-8D79-E90B69FBCEEB}.Debug|Any CPU.Build.0 = Debug|Any CPU
		{1640CC49-B782-4BC5-8D79-E90B69FBCEEB}.Release|Any CPU.ActiveCfg = Release|Any CPU
		{1640CC49-B782-4BC5-8D79-E90B69FBCEEB}.Release|Any CPU.Build.0 = Release|Any CPU
	EndGlobalSection
	GlobalSection(SolutionProperties) = preSolution
		HideSolutionNode = FALSE
	EndGlobalSection
	GlobalSection(ExtensibilityGlobals) = postSolution
		SolutionGuid = {1B45BDF1-4CAE-421F-97EE-348EA68718EE}
	EndGlobalSection
EndGlobal
